
Microsoft Visual Studio Solution File, Format Version 12.00
# Visual Studio Version 17
VisualStudioVersion = 17.11.35222.181
MinimumVisualStudioVersion = 10.0.40219.1
Project("{FAE04EC0-301F-11D3-BF4B-00C04F79EFBC}") = "SimilarityApi", "SimilarityApi\SimilarityApi.csproj", "{6EC8B15A-E3FB-472C-9449-8A2662A37AA2}"
EndProject
Global
	GlobalSection(SolutionConfigurationPlatforms) = preSolution
		Debug|Any CPU = Debug|Any CPU
		Release|Any CPU = Release|Any CPU
	EndGlobalSection
	GlobalSection(ProjectConfigurationPlatforms) = postSolution
		{6EC8B15A-E3FB-472C-9449-8A2662A37AA2}.Debug|Any CPU.ActiveCfg = Debug|Any CPU
		{6EC8B15A-E3FB-472C-9449-8A2662A37AA2}.Debug|Any CPU.Build.0 = Debug|Any CPU
		{6EC8B15A-E3FB-472C-9449-8A2662A37AA2}.Release|Any CPU.ActiveCfg = Release|Any CPU
		{6EC8B15A-E3FB-472C-9449-8A2662A37AA2}.Release|Any CPU.Build.0 = Release|Any CPU
	EndGlobalSection
	GlobalSection(SolutionProperties) = preSolution
		HideSolutionNode = FALSE
	EndGlobalSection
	GlobalSection(ExtensibilityGlobals) = postSolution
		SolutionGuid = {954F4863-8301-453C-961E-9BB3D4D20F57}
	EndGlobalSection
EndGlobal
